
Microsoft Visual Studio Solution File, Format Version 12.00
# Visual Studio Version 16
VisualStudioVersion = 16.0.30804.86
MinimumVisualStudioVersion = 10.0.40219.1
Project("{FAE04EC0-301F-11D3-BF4B-00C04F79EFBC}") = "StartUpDemo", "StartUpDemo\StartUpDemo.csproj", "{E4EC7886-392D-4D21-AB86-F201ED84E8B7}"
EndProject
Project("{FAE04EC0-301F-11D3-BF4B-00C04F79EFBC}") = "SettingProvidersDemo", "SettingProvidersDemo\SettingProvidersDemo.csproj", "{A339C96B-64D5-41A1-84ED-900217F98082}"
EndProject
Global
	GlobalSection(SolutionConfigurationPlatforms) = preSolution
		Debug|Any CPU = Debug|Any CPU
		Release|Any CPU = Release|Any CPU
	EndGlobalSection
	GlobalSection(ProjectConfigurationPlatforms) = postSolution
		{E4EC7886-392D-4D21-AB86-F201ED84E8B7}.Debug|Any CPU.ActiveCfg = Debug|Any CPU
		{E4EC7886-392D-4D21-AB86-F201ED84E8B7}.Debug|Any CPU.Build.0 = Debug|Any CPU
		{E4EC7886-392D-4D21-AB86-F201ED84E8B7}.Release|Any CPU.ActiveCfg = Release|Any CPU
		{E4EC7886-392D-4D21-AB86-F201ED84E8B7}.Release|Any CPU.Build.0 = Release|Any CPU
		{A339C96B-64D5-41A1-84ED-900217F98082}.Debug|Any CPU.ActiveCfg = Debug|Any CPU
		{A339C96B-64D5-41A1-84ED-900217F98082}.Debug|Any CPU.Build.0 = Debug|Any CPU
		{A339C96B-64D5-41A1-84ED-900217F98082}.Release|Any CPU.ActiveCfg = Release|Any CPU
		{A339C96B-64D5-41A1-84ED-900217F98082}.Release|Any CPU.Build.0 = Release|Any CPU
	EndGlobalSection
	GlobalSection(SolutionProperties) = preSolution
		HideSolutionNode = FALSE
	EndGlobalSection
	GlobalSection(ExtensibilityGlobals) = postSolution
		SolutionGuid = {D2F91FD8-06C8-4501-A897-7207A6B3E115}
	EndGlobalSection
EndGlobal
